
Microsoft Visual Studio Solution File, Format Version 12.00
# Visual Studio Version 17
VisualStudioVersion = 17.2.32630.192
MinimumVisualStudioVersion = 10.0.40219.1
Project("{FAE04EC0-301F-11D3-BF4B-00C04F79EFBC}") = "CoreWebLoginApp", "CoreWebLoginApp\CoreWebLoginApp.csproj", "{9EBC8C71-6CD5-4239-B6D8-8F280468499E}"
EndProject
Global
	GlobalSection(SolutionConfigurationPlatforms) = preSolution
		Debug|Any CPU = Debug|Any CPU
		Release|Any CPU = Release|Any CPU
	EndGlobalSection
	GlobalSection(ProjectConfigurationPlatforms) = postSolution
		{9EBC8C71-6CD5-4239-B6D8-8F280468499E}.Debug|Any CPU.ActiveCfg = Debug|Any CPU
		{9EBC8C71-6CD5-4239-B6D8-8F280468499E}.Debug|Any CPU.Build.0 = Debug|Any CPU
		{9EBC8C71-6CD5-4239-B6D8-8F280468499E}.Release|Any CPU.ActiveCfg = Release|Any CPU
		{9EBC8C71-6CD5-4239-B6D8-8F280468499E}.Release|Any CPU.Build.0 = Release|Any CPU
	EndGlobalSection
	GlobalSection(SolutionProperties) = preSolution
		HideSolutionNode = FALSE
	EndGlobalSection
	GlobalSection(ExtensibilityGlobals) = postSolution
		SolutionGuid = {14C7DC79-E06F-4CAA-9A50-828254C86B30}
	EndGlobalSection
EndGlobal
